
Microsoft Visual Studio Solution File, Format Version 12.00
# Visual Studio Version 17
VisualStudioVersion = 17.13.35806.99
MinimumVisualStudioVersion = 10.0.40219.1
Project("{2150E333-8FDC-42A3-9474-1A3956D46DE8}") = "CH1", "CH1", "{C8D5274F-AC00-46C7-1F8D-E88E81087A52}"
EndProject
Project("{8BC9CEB8-8B4A-11D0-8D11-00A0C91BC942}") = "Ch1", "..\Ch1\Ch1.vcxproj", "{C1799EE7-7251-48D0-B15D-A5E9CD270951}"
EndProject
Project("{2150E333-8FDC-42A3-9474-1A3956D46DE8}") = "CH2", "CH2", "{C1EBFF32-CCA7-401B-8C09-242FF98E39BE}"
EndProject
Project("{8BC9CEB8-8B4A-11D0-8D11-00A0C91BC942}") = "Ch2", "..\Ch2\Ch2.vcxproj", "{9B8297E8-46A6-4BA6-BEE3-8FD95C476958}"
EndProject
Project("{2150E333-8FDC-42A3-9474-1A3956D46DE8}") = "CH3", "CH3", "{A30603E2-CB2B-413A-BF05-D46E6353CB25}"
EndProject
Project("{8BC9CEB8-8B4A-11D0-8D11-00A0C91BC942}") = "Operator", "..\Operator\Operator.vcxproj", "{012542E9-4286-4EB8-9FCF-0553F0B7F9D2}"
EndProject
Project("{2150E333-8FDC-42A3-9474-1A3956D46DE8}") = "CH4", "CH4", "{235A5BB9-27A6-4CDF-A7D8-20C2FCDBB741}"
EndProject
Project("{8BC9CEB8-8B4A-11D0-8D11-00A0C91BC942}") = "Ch4", "..\Ch4\Ch4.vcxproj", "{89F679DF-C343-4C74-9735-BA8C2303BFD7}"
EndProject
Project("{2150E333-8FDC-42A3-9474-1A3956D46DE8}") = "CH6", "CH6", "{5ED5E9A7-8038-48D6-8B7E-C86418024958}"
EndProject
Project("{8BC9CEB8-8B4A-11D0-8D11-00A0C91BC942}") = "Ch6", "..\Ch6\Ch6.vcxproj", "{325F9777-DFDD-42D7-A8B1-89E2735D57F3}"
EndProject
Project("{2150E333-8FDC-42A3-9474-1A3956D46DE8}") = "CH5", "CH5", "{1EF5907F-DC9E-40E1-A36E-3D02FD62A13E}"
EndProject
Global
	GlobalSection(SolutionConfigurationPlatforms) = preSolution
		Debug|x64 = Debug|x64
		Debug|x86 = Debug|x86
		Release|x64 = Release|x64
		Release|x86 = Release|x86
	EndGlobalSection
	GlobalSection(ProjectConfigurationPlatforms) = postSolution
		{C1799EE7-7251-48D0-B15D-A5E9CD270951}.Debug|x64.ActiveCfg = Debug|x64
		{C1799EE7-7251-48D0-B15D-A5E9CD270951}.Debug|x64.Build.0 = Debug|x64
		{C1799EE7-7251-48D0-B15D-A5E9CD270951}.Debug|x86.ActiveCfg = Debug|Win32
		{C1799EE7-7251-48D0-B15D-A5E9CD270951}.Debug|x86.Build.0 = Debug|Win32
		{C1799EE7-7251-48D0-B15D-A5E9CD270951}.Release|x64.ActiveCfg = Release|x64
		{C1799EE7-7251-48D0-B15D-A5E9CD270951}.Release|x64.Build.0 = Release|x64
		{C1799EE7-7251-48D0-B15D-A5E9CD270951}.Release|x86.ActiveCfg = Release|Win32
		{C1799EE7-7251-48D0-B15D-A5E9CD270951}.Release|x86.Build.0 = Release|Win32
		{9B8297E8-46A6-4BA6-BEE3-8FD95C476958}.Debug|x64.ActiveCfg = Debug|x64
		{9B8297E8-46A6-4BA6-BEE3-8FD95C476958}.Debug|x64.Build.0 = Debug|x64
		{9B8297E8-46A6-4BA6-BEE3-8FD95C476958}.Debug|x86.ActiveCfg = Debug|Win32
		{9B8297E8-46A6-4BA6-BEE3-8FD95C476958}.Debug|x86.Build.0 = Debug|Win32
		{9B8297E8-46A6-4BA6-BEE3-8FD95C476958}.Release|x64.ActiveCfg = Release|x64
		{9B8297E8-46A6-4BA6-BEE3-8FD95C476958}.Release|x64.Build.0 = Release|x64
		{9B8297E8-46A6-4BA6-BEE3-8FD95C476958}.Release|x86.ActiveCfg = Release|Win32
		{9B8297E8-46A6-4BA6-BEE3-8FD95C476958}.Release|x86.Build.0 = Release|Win32
		{012542E9-4286-4EB8-9FCF-0553F0B7F9D2}.Debug|x64.ActiveCfg = Debug|x64
		{012542E9-4286-4EB8-9FCF-0553F0B7F9D2}.Debug|x64.Build.0 = Debug|x64
		{012542E9-4286-4EB8-9FCF-0553F0B7F9D2}.Debug|x86.ActiveCfg = Debug|Win32
		{012542E9-4286-4EB8-9FCF-0553F0B7F9D2}.Debug|x86.Build.0 = Debug|Win32
		{012542E9-4286-4EB8-9FCF-0553F0B7F9D2}.Release|x64.ActiveCfg = Release|x64
		{012542E9-4286-4EB8-9FCF-0553F0B7F9D2}.Release|x64.Build.0 = Release|x64
		{012542E9-4286-4EB8-9FCF-0553F0B7F9D2}.Release|x86.ActiveCfg = Release|Win32
		{012542E9-4286-4EB8-9FCF-0553F0B7F9D2}.Release|x86.Build.0 = Release|Win32
		{89F679DF-C343-4C74-9735-BA8C2303BFD7}.Debug|x64.ActiveCfg = Debug|x64
		{89F679DF-C343-4C74-9735-BA8C2303BFD7}.Debug|x64.Build.0 = Debug|x64
		{89F679DF-C343-4C74-9735-BA8C2303BFD7}.Debug|x86.ActiveCfg = Debug|Win32
		{89F679DF-C343-4C74-9735-BA8C2303BFD7}.Debug|x86.Build.0 = Debug|Win32
		{89F679DF-C343-4C74-9735-BA8C2303BFD7}.Release|x64.ActiveCfg = Release|x64
		{89F679DF-C343-4C74-9735-BA8C2303BFD7}.Release|x64.Build.0 = Release|x64
		{89F679DF-C343-4C74-9735-BA8C2303BFD7}.Release|x86.ActiveCfg = Release|Win32
		{89F679DF-C343-4C74-9735-BA8C2303BFD7}.Release|x86.Build.0 = Release|Win32
		{325F9777-DFDD-42D7-A8B1-89E2735D57F3}.Debug|x64.ActiveCfg = Debug|x64
		{325F9777-DFDD-42D7-A8B1-89E2735D57F3}.Debug|x64.Build.0 = Debug|x64
		{325F9777-DFDD-42D7-A8B1-89E2735D57F3}.Debug|x86.ActiveCfg = Debug|Win32
		{325F9777-DFDD-42D7-A8B1-89E2735D57F3}.Debug|x86.Build.0 = Debug|Win32
		{325F9777-DFDD-42D7-A8B1-89E2735D57F3}.Release|x64.ActiveCfg = Release|x64
		{325F9777-DFDD-42D7-A8B1-89E2735D57F3}.Release|x64.Build.0 = Release|x64
		{325F9777-DFDD-42D7-A8B1-89E2735D57F3}.Release|x86.ActiveCfg = Release|Win32
		{325F9777-DFDD-42D7-A8B1-89E2735D57F3}.Release|x86.Build.0 = Release|Win32
	EndGlobalSection
	GlobalSection(SolutionProperties) = preSolution
		HideSolutionNode = FALSE
	EndGlobalSection
	GlobalSection(NestedProjects) = preSolution
		{C1799EE7-7251-48D0-B15D-A5E9CD270951} = {C8D5274F-AC00-46C7-1F8D-E88E81087A52}
		{9B8297E8-46A6-4BA6-BEE3-8FD95C476958} = {C1EBFF32-CCA7-401B-8C09-242FF98E39BE}
		{A30603E2-CB2B-413A-BF05-D46E6353CB25} = {C1EBFF32-CCA7-401B-8C09-242FF98E39BE}
		{012542E9-4286-4EB8-9FCF-0553F0B7F9D2} = {A30603E2-CB2B-413A-BF05-D46E6353CB25}
		{89F679DF-C343-4C74-9735-BA8C2303BFD7} = {235A5BB9-27A6-4CDF-A7D8-20C2FCDBB741}
		{325F9777-DFDD-42D7-A8B1-89E2735D57F3} = {5ED5E9A7-8038-48D6-8B7E-C86418024958}
	EndGlobalSection
	GlobalSection(ExtensibilityGlobals) = postSolution
		SolutionGuid = {3F1A20A7-59C6-496A-9431-CA1969D6561A}
	EndGlobalSection
EndGlobal
